
Microsoft Visual Studio Solution File, Format Version 12.00
# Visual Studio Version 16
VisualStudioVersion = 16.0.30804.86
MinimumVisualStudioVersion = 10.0.40219.1
Project("{FAE04EC0-301F-11D3-BF4B-00C04F79EFBC}") = "SortingExp_排序範例", "SortingExp_排序範例\SortingExp_排序範例.csproj", "{C174BC07-0BE0-4AB5-8081-702D64F65202}"
EndProject
Global
	GlobalSection(SolutionConfigurationPlatforms) = preSolution
		Debug|Any CPU = Debug|Any CPU
		Release|Any CPU = Release|Any CPU
	EndGlobalSection
	GlobalSection(ProjectConfigurationPlatforms) = postSolution
		{C174BC07-0BE0-4AB5-8081-702D64F65202}.Debug|Any CPU.ActiveCfg = Debug|Any CPU
		{C174BC07-0BE0-4AB5-8081-702D64F65202}.Debug|Any CPU.Build.0 = Debug|Any CPU
		{C174BC07-0BE0-4AB5-8081-702D64F65202}.Release|Any CPU.ActiveCfg = Release|Any CPU
		{C174BC07-0BE0-4AB5-8081-702D64F65202}.Release|Any CPU.Build.0 = Release|Any CPU
	EndGlobalSection
	GlobalSection(SolutionProperties) = preSolution
		HideSolutionNode = FALSE
	EndGlobalSection
	GlobalSection(ExtensibilityGlobals) = postSolution
		SolutionGuid = {37C9A0BE-F4D1-45E8-876C-D324AA9B16E8}
	EndGlobalSection
EndGlobal
